
Microsoft Visual Studio Solution File, Format Version 12.00
# Visual Studio Version 17
VisualStudioVersion = 17.3.32929.385
MinimumVisualStudioVersion = 10.0.40219.1
Project("{FAE04EC0-301F-11D3-BF4B-00C04F79EFBC}") = "ReviewBasicConceptsCSharp", "ReviewBasicConceptsCSharp\ReviewBasicConceptsCSharp.csproj", "{FA23D5E2-136A-4623-B422-A8060C0152B9}"
EndProject
Global
	GlobalSection(SolutionConfigurationPlatforms) = preSolution
		Debug|Any CPU = Debug|Any CPU
		Release|Any CPU = Release|Any CPU
	EndGlobalSection
	GlobalSection(ProjectConfigurationPlatforms) = postSolution
		{FA23D5E2-136A-4623-B422-A8060C0152B9}.Debug|Any CPU.ActiveCfg = Debug|Any CPU
		{FA23D5E2-136A-4623-B422-A8060C0152B9}.Debug|Any CPU.Build.0 = Debug|Any CPU
		{FA23D5E2-136A-4623-B422-A8060C0152B9}.Release|Any CPU.ActiveCfg = Release|Any CPU
		{FA23D5E2-136A-4623-B422-A8060C0152B9}.Release|Any CPU.Build.0 = Release|Any CPU
	EndGlobalSection
	GlobalSection(SolutionProperties) = preSolution
		HideSolutionNode = FALSE
	EndGlobalSection
	GlobalSection(ExtensibilityGlobals) = postSolution
		SolutionGuid = {53522E66-F414-4D3F-B389-1C4BAAE976FA}
	EndGlobalSection
EndGlobal
